
Microsoft Visual Studio Solution File, Format Version 12.00
# Visual Studio 2013
VisualStudioVersion = 12.0.31101.0
MinimumVisualStudioVersion = 10.0.40219.1
Project("{FAE04EC0-301F-11D3-BF4B-00C04F79EFBC}") = "Camozzi.Model", "Camozzi.Model\Camozzi.Model.csproj", "{AD0790BA-C1FB-447B-A74D-16BE832FA894}"
EndProject
Project("{FAE04EC0-301F-11D3-BF4B-00C04F79EFBC}") = "Camozzi.Presentation", "Camozzi.Presentation\Camozzi.Presentation.csproj", "{887C5040-87DB-42E5-BFDD-E3E9AF5D69F8}"
EndProject
Project("{FAE04EC0-301F-11D3-BF4B-00C04F79EFBC}") = "Camozzi.GUI", "Camozzi.GUI\Camozzi.GUI.csproj", "{68E5E38E-F9AC-444B-9C99-F32B6518C882}"
EndProject
Global
	GlobalSection(SolutionConfigurationPlatforms) = preSolution
		Debug|Any CPU = Debug|Any CPU
		Release|Any CPU = Release|Any CPU
	EndGlobalSection
	GlobalSection(ProjectConfigurationPlatforms) = postSolution
		{AD0790BA-C1FB-447B-A74D-16BE832FA894}.Debug|Any CPU.ActiveCfg = Debug|Any CPU
		{AD0790BA-C1FB-447B-A74D-16BE832FA894}.Debug|Any CPU.Build.0 = Debug|Any CPU
		{AD0790BA-C1FB-447B-A74D-16BE832FA894}.Release|Any CPU.ActiveCfg = Release|Any CPU
		{AD0790BA-C1FB-447B-A74D-16BE832FA894}.Release|Any CPU.Build.0 = Release|Any CPU
		{887C5040-87DB-42E5-BFDD-E3E9AF5D69F8}.Debug|Any CPU.ActiveCfg = Debug|Any CPU
		{887C5040-87DB-42E5-BFDD-E3E9AF5D69F8}.Debug|Any CPU.Build.0 = Debug|Any CPU
		{887C5040-87DB-42E5-BFDD-E3E9AF5D69F8}.Release|Any CPU.ActiveCfg = Release|Any CPU
		{887C5040-87DB-42E5-BFDD-E3E9AF5D69F8}.Release|Any CPU.Build.0 = Release|Any CPU
		{68E5E38E-F9AC-444B-9C99-F32B6518C882}.Debug|Any CPU.ActiveCfg = Debug|Any CPU
		{68E5E38E-F9AC-444B-9C99-F32B6518C882}.Debug|Any CPU.Build.0 = Debug|Any CPU
		{68E5E38E-F9AC-444B-9C99-F32B6518C882}.Release|Any CPU.ActiveCfg = Release|Any CPU
		{68E5E38E-F9AC-444B-9C99-F32B6518C882}.Release|Any CPU.Build.0 = Release|Any CPU
	EndGlobalSection
	GlobalSection(SolutionProperties) = preSolution
		HideSolutionNode = FALSE
	EndGlobalSection
EndGlobal
